
Microsoft Visual Studio Solution File, Format Version 12.00
# Visual Studio Version 17
VisualStudioVersion = 17.4.33205.214
MinimumVisualStudioVersion = 10.0.40219.1
Project("{FAE04EC0-301F-11D3-BF4B-00C04F79EFBC}") = "Lab4_23", "Lab4_23\Lab4_23.csproj", "{D31FB254-14CA-4506-92A1-50984D2ADFAF}"
EndProject
Global
	GlobalSection(SolutionConfigurationPlatforms) = preSolution
		Debug|Any CPU = Debug|Any CPU
		Release|Any CPU = Release|Any CPU
	EndGlobalSection
	GlobalSection(ProjectConfigurationPlatforms) = postSolution
		{D31FB254-14CA-4506-92A1-50984D2ADFAF}.Debug|Any CPU.ActiveCfg = Debug|Any CPU
		{D31FB254-14CA-4506-92A1-50984D2ADFAF}.Debug|Any CPU.Build.0 = Debug|Any CPU
		{D31FB254-14CA-4506-92A1-50984D2ADFAF}.Release|Any CPU.ActiveCfg = Release|Any CPU
		{D31FB254-14CA-4506-92A1-50984D2ADFAF}.Release|Any CPU.Build.0 = Release|Any CPU
	EndGlobalSection
	GlobalSection(SolutionProperties) = preSolution
		HideSolutionNode = FALSE
	EndGlobalSection
	GlobalSection(ExtensibilityGlobals) = postSolution
		SolutionGuid = {B7521773-421E-412A-9AA0-FBE730AB3352}
	EndGlobalSection
EndGlobal
