
Microsoft Visual Studio Solution File, Format Version 12.00
# Visual Studio Version 17
VisualStudioVersion = 17.4.33205.214
MinimumVisualStudioVersion = 10.0.40219.1
Project("{FAE04EC0-301F-11D3-BF4B-00C04F79EFBC}") = "Lab3_23", "Lab3_23\Lab3_23.csproj", "{87B780A7-51F4-4359-9755-23C795BB53CD}"
EndProject
Global
	GlobalSection(SolutionConfigurationPlatforms) = preSolution
		Debug|Any CPU = Debug|Any CPU
		Release|Any CPU = Release|Any CPU
	EndGlobalSection
	GlobalSection(ProjectConfigurationPlatforms) = postSolution
		{87B780A7-51F4-4359-9755-23C795BB53CD}.Debug|Any CPU.ActiveCfg = Debug|Any CPU
		{87B780A7-51F4-4359-9755-23C795BB53CD}.Debug|Any CPU.Build.0 = Debug|Any CPU
		{87B780A7-51F4-4359-9755-23C795BB53CD}.Release|Any CPU.ActiveCfg = Release|Any CPU
		{87B780A7-51F4-4359-9755-23C795BB53CD}.Release|Any CPU.Build.0 = Release|Any CPU
	EndGlobalSection
	GlobalSection(SolutionProperties) = preSolution
		HideSolutionNode = FALSE
	EndGlobalSection
	GlobalSection(ExtensibilityGlobals) = postSolution
		SolutionGuid = {8F6E7BF5-447E-4C0A-89A3-CE0EB39641A5}
	EndGlobalSection
EndGlobal
