
Microsoft Visual Studio Solution File, Format Version 12.00
# Visual Studio Version 17
VisualStudioVersion = 17.11.35312.102
MinimumVisualStudioVersion = 10.0.40219.1
Project("{8BC9CEB8-8B4A-11D0-8D11-00A0C91BC942}") = "L11", "L11.vcxproj", "{2D842ED2-BBAD-4D44-8F13-91DE78A2350C}"
EndProject
Global
	GlobalSection(SolutionConfigurationPlatforms) = preSolution
		Debug|x64 = Debug|x64
		Debug|x86 = Debug|x86
		Release|x64 = Release|x64
		Release|x86 = Release|x86
	EndGlobalSection
	GlobalSection(ProjectConfigurationPlatforms) = postSolution
		{2D842ED2-BBAD-4D44-8F13-91DE78A2350C}.Debug|x64.ActiveCfg = Debug|x64
		{2D842ED2-BBAD-4D44-8F13-91DE78A2350C}.Debug|x64.Build.0 = Debug|x64
		{2D842ED2-BBAD-4D44-8F13-91DE78A2350C}.Debug|x86.ActiveCfg = Debug|Win32
		{2D842ED2-BBAD-4D44-8F13-91DE78A2350C}.Debug|x86.Build.0 = Debug|Win32
		{2D842ED2-BBAD-4D44-8F13-91DE78A2350C}.Release|x64.ActiveCfg = Release|x64
		{2D842ED2-BBAD-4D44-8F13-91DE78A2350C}.Release|x64.Build.0 = Release|x64
		{2D842ED2-BBAD-4D44-8F13-91DE78A2350C}.Release|x86.ActiveCfg = Release|Win32
		{2D842ED2-BBAD-4D44-8F13-91DE78A2350C}.Release|x86.Build.0 = Release|Win32
	EndGlobalSection
	GlobalSection(SolutionProperties) = preSolution
		HideSolutionNode = FALSE
	EndGlobalSection
	GlobalSection(ExtensibilityGlobals) = postSolution
		SolutionGuid = {5033E05C-6829-4003-91FA-768BA205B2A6}
	EndGlobalSection
EndGlobal
