
Microsoft Visual Studio Solution File, Format Version 12.00
# Visual Studio Version 17
VisualStudioVersion = 17.11.35312.102
MinimumVisualStudioVersion = 10.0.40219.1
Project("{8BC9CEB8-8B4A-11D0-8D11-00A0C91BC942}") = "L03", "L03.vcxproj", "{8A287807-FFF5-4420-8C00-13E1BD544413}"
EndProject
Global
	GlobalSection(SolutionConfigurationPlatforms) = preSolution
		Debug|x64 = Debug|x64
		Debug|x86 = Debug|x86
		Release|x64 = Release|x64
		Release|x86 = Release|x86
	EndGlobalSection
	GlobalSection(ProjectConfigurationPlatforms) = postSolution
		{8A287807-FFF5-4420-8C00-13E1BD544413}.Debug|x64.ActiveCfg = Debug|x64
		{8A287807-FFF5-4420-8C00-13E1BD544413}.Debug|x64.Build.0 = Debug|x64
		{8A287807-FFF5-4420-8C00-13E1BD544413}.Debug|x86.ActiveCfg = Debug|Win32
		{8A287807-FFF5-4420-8C00-13E1BD544413}.Debug|x86.Build.0 = Debug|Win32
		{8A287807-FFF5-4420-8C00-13E1BD544413}.Release|x64.ActiveCfg = Release|x64
		{8A287807-FFF5-4420-8C00-13E1BD544413}.Release|x64.Build.0 = Release|x64
		{8A287807-FFF5-4420-8C00-13E1BD544413}.Release|x86.ActiveCfg = Release|Win32
		{8A287807-FFF5-4420-8C00-13E1BD544413}.Release|x86.Build.0 = Release|Win32
	EndGlobalSection
	GlobalSection(SolutionProperties) = preSolution
		HideSolutionNode = FALSE
	EndGlobalSection
	GlobalSection(ExtensibilityGlobals) = postSolution
		SolutionGuid = {6833AB5B-B0CD-4D73-8CF8-482BD5932E85}
	EndGlobalSection
EndGlobal
