
Microsoft Visual Studio Solution File, Format Version 12.00
# Visual Studio Version 17
VisualStudioVersion = 17.7.34031.279
MinimumVisualStudioVersion = 10.0.40219.1
Project("{FAE04EC0-301F-11D3-BF4B-00C04F79EFBC}") = "lab01", "lab01\lab01.csproj", "{DEC5D674-2F2C-4F2F-9E69-1B7547093D7F}"
EndProject
Global
	GlobalSection(SolutionConfigurationPlatforms) = preSolution
		Debug|Any CPU = Debug|Any CPU
		Release|Any CPU = Release|Any CPU
	EndGlobalSection
	GlobalSection(ProjectConfigurationPlatforms) = postSolution
		{DEC5D674-2F2C-4F2F-9E69-1B7547093D7F}.Debug|Any CPU.ActiveCfg = Debug|Any CPU
		{DEC5D674-2F2C-4F2F-9E69-1B7547093D7F}.Debug|Any CPU.Build.0 = Debug|Any CPU
		{DEC5D674-2F2C-4F2F-9E69-1B7547093D7F}.Release|Any CPU.ActiveCfg = Release|Any CPU
		{DEC5D674-2F2C-4F2F-9E69-1B7547093D7F}.Release|Any CPU.Build.0 = Release|Any CPU
	EndGlobalSection
	GlobalSection(SolutionProperties) = preSolution
		HideSolutionNode = FALSE
	EndGlobalSection
	GlobalSection(ExtensibilityGlobals) = postSolution
		SolutionGuid = {8BCC4FA4-1EB8-4D2B-8B55-B30D14938B54}
	EndGlobalSection
EndGlobal
